
Microsoft Visual Studio Solution File, Format Version 12.00
# Visual Studio Version 16
VisualStudioVersion = 16.0.30621.155
MinimumVisualStudioVersion = 10.0.40219.1
Project("{9A19103F-16F7-4668-BE54-9A1E7A4F7556}") = "mobileappAPI", "mobileappAPI.csproj", "{187C29A0-9824-4026-85C2-16638361F24E}"
EndProject
Global
	GlobalSection(SolutionConfigurationPlatforms) = preSolution
		Debug|Any CPU = Debug|Any CPU
		Release|Any CPU = Release|Any CPU
	EndGlobalSection
	GlobalSection(ProjectConfigurationPlatforms) = postSolution
		{187C29A0-9824-4026-85C2-16638361F24E}.Debug|Any CPU.ActiveCfg = Debug|Any CPU
		{187C29A0-9824-4026-85C2-16638361F24E}.Debug|Any CPU.Build.0 = Debug|Any CPU
		{187C29A0-9824-4026-85C2-16638361F24E}.Release|Any CPU.ActiveCfg = Release|Any CPU
		{187C29A0-9824-4026-85C2-16638361F24E}.Release|Any CPU.Build.0 = Release|Any CPU
	EndGlobalSection
	GlobalSection(SolutionProperties) = preSolution
		HideSolutionNode = FALSE
	EndGlobalSection
	GlobalSection(ExtensibilityGlobals) = postSolution
		SolutionGuid = {4F878296-F8B1-49DF-95DA-17ABF444F2FB}
	EndGlobalSection
EndGlobal
